<?xml version="1.0" encoding="utf-8"?>
<Project ToolsVersion="4.0" xmlns="http://schemas.microsoft.com/developer/msbuild/2003">
  <ItemGroup>
    <Filter Include="Screens">
      <UniqueIdentifier>{cd9f2163-64fb-4484-aac9-339acf85235b}</UniqueIdentifier>
    </Filter>
    <Filter Include="Screens\WelcomeScreen">
      <UniqueIdentifier>{15c5090d-4c4d-4e32-9754-47f560c387dd}</UniqueIdentifier>
    </Filter>
    <Filter Include="Screens\DesignScreen">
      <UniqueIdentifier>{7312a7e4-c75e-4c30-bdb1-9e8f7a89c3cc}</UniqueIdentifier>
    </Filter>
    <Filter Include="Screens\EvaluateScreen">
      <UniqueIdentifier>{4bf513a7-0f40-4ead-a6a7-de951c37b258}</UniqueIdentifier>
    </Filter>
    <Filter Include="Screens\FinishScreen">
      <UniqueIdentifier>{42ada90a-ad35-4636-be0b-1a80589b90f0}</UniqueIdentifier>
    </Filter>
    <Filter Include="Screens\TutorialScreen">
      <UniqueIdentifier>{eb321d69-8967-4910-b12e-917fb3bda615}</UniqueIdentifier>
    </Filter>
    <Filter Include="MainWindow">
      <UniqueIdentifier>{e32ec285-83c9-4a0a-9611-f376506f31e1}</UniqueIdentifier>
    </Filter>
    <Filter Include="MainWindow\Resource Files">
      <UniqueIdentifier>{D9D6E242-F8AF-46E4-B9FD-80ECBC20BA3E}</UniqueIdentifier>
      <Extensions>qrc;*</Extensions>
      <ParseFiles>false</ParseFiles>
    </Filter>
    <Filter Include="MainWindow\Generated Files">
      <UniqueIdentifier>{71ED8ED8-ACB9-4CE9-BBE1-E00B30144E11}</UniqueIdentifier>
      <Extensions>moc;h;cpp</Extensions>
      <SourceControlFiles>False</SourceControlFiles>
    </Filter>
    <Filter Include="MainWindow\Generated Files\Debug">
      <UniqueIdentifier>{315dcd45-1650-4a2d-885f-083a3aa8bb0d}</UniqueIdentifier>
      <Extensions>cpp;moc</Extensions>
      <SourceControlFiles>False</SourceControlFiles>
    </Filter>
    <Filter Include="MainWindow\Generated Files\Release">
      <UniqueIdentifier>{b5c55d2d-0211-41b1-9171-9103acb9876c}</UniqueIdentifier>
      <Extensions>cpp;moc</Extensions>
      <SourceControlFiles>False</SourceControlFiles>
    </Filter>
    <Filter Include="MainWindow\Form Files">
      <UniqueIdentifier>{99349809-55BA-4b9d-BF79-8FDBB0286EB3}</UniqueIdentifier>
      <Extensions>ui</Extensions>
    </Filter>
    <Filter Include="Screens\DesignScreen\project">
      <UniqueIdentifier>{eef190e5-7029-4c1a-a5b4-529288995b11}</UniqueIdentifier>
    </Filter>
    <Filter Include="Screens\DesignScreen\utility">
      <UniqueIdentifier>{81e0ba5e-31ab-4bf8-a050-7cc6d79c7d49}</UniqueIdentifier>
    </Filter>
  </ItemGroup>
  <ItemGroup>
    <ClCompile Include="GeneratedFiles\Debug\moc_userstudy.cpp">
      <Filter>MainWindow\Generated Files\Debug</Filter>
    </ClCompile>
    <ClCompile Include="GeneratedFiles\Release\moc_userstudy.cpp">
      <Filter>MainWindow\Generated Files\Release</Filter>
    </ClCompile>
    <ClCompile Include="GeneratedFiles\qrc_userstudyResource.cpp">
      <Filter>MainWindow\Generated Files</Filter>
    </ClCompile>
    <ClCompile Include="main.cpp">
      <Filter>MainWindow</Filter>
    </ClCompile>
    <ClCompile Include="userstudy.cpp">
      <Filter>MainWindow</Filter>
    </ClCompile>
    <ClCompile Include="Screens\MyDesigner.cpp">
      <Filter>Screens\DesignScreen</Filter>
    </ClCompile>
    <ClCompile Include="GeneratedFiles\Debug\moc_MyDesigner.cpp">
      <Filter>MainWindow\Generated Files\Debug</Filter>
    </ClCompile>
    <ClCompile Include="GeneratedFiles\Release\moc_MyDesigner.cpp">
      <Filter>MainWindow\Generated Files\Release</Filter>
    </ClCompile>
    <ClCompile Include="Screens\project\GraphicsLibrary\Basic\Circle.cpp">
      <Filter>Screens\DesignScreen\project</Filter>
    </ClCompile>
    <ClCompile Include="Screens\project\GraphicsLibrary\Mesh\QSegMesh.cpp">
      <Filter>Screens\DesignScreen\project</Filter>
    </ClCompile>
    <ClCompile Include="Screens\project\GraphicsLibrary\Mesh\QSurfaceMesh.cpp">
      <Filter>Screens\DesignScreen\project</Filter>
    </ClCompile>
    <ClCompile Include="Screens\project\GL\VBO\VBO.cpp">
      <Filter>Screens\DesignScreen\project</Filter>
    </ClCompile>
    <ClCompile Include="Screens\project\GraphicsLibrary\Mesh\SurfaceMesh\Surface_mesh.cpp">
      <Filter>Screens\DesignScreen\project</Filter>
    </ClCompile>
    <ClCompile Include="GeneratedFiles\Debug\moc_QSegMesh.cpp">
      <Filter>MainWindow\Generated Files\Debug</Filter>
    </ClCompile>
    <ClCompile Include="GeneratedFiles\Release\moc_QSegMesh.cpp">
      <Filter>MainWindow\Generated Files\Release</Filter>
    </ClCompile>
    <ClCompile Include="GeneratedFiles\Debug\moc_QSurfaceMesh.cpp">
      <Filter>MainWindow\Generated Files\Debug</Filter>
    </ClCompile>
    <ClCompile Include="GeneratedFiles\Release\moc_QSurfaceMesh.cpp">
      <Filter>MainWindow\Generated Files\Release</Filter>
    </ClCompile>
    <ClCompile Include="Screens\project\GraphicsLibrary\Mesh\SurfaceMesh\IO_.cpp">
      <Filter>Screens\DesignScreen\project</Filter>
    </ClCompile>
    <ClCompile Include="Screens\project\GraphicsLibrary\Mesh\SurfaceMesh\IO_obj.cpp">
      <Filter>Screens\DesignScreen\project</Filter>
    </ClCompile>
    <ClCompile Include="Screens\project\GraphicsLibrary\Mesh\SurfaceMesh\IO_off.cpp">
      <Filter>Screens\DesignScreen\project</Filter>
    </ClCompile>
    <ClCompile Include="Screens\project\GraphicsLibrary\Mesh\SurfaceMesh\IO_stl.cpp">
      <Filter>Screens\DesignScreen\project</Filter>
    </ClCompile>
    <ClCompile Include="Screens\project\Utility\SimpleDraw.cpp">
      <Filter>Screens\DesignScreen\project</Filter>
    </ClCompile>
    <ClCompile Include="Screens\project\Utility\ColorMap.cpp">
      <Filter>Screens\DesignScreen\project</Filter>
    </ClCompile>
    <ClCompile Include="Screens\project\GL\GLee.c">
      <Filter>Screens\DesignScreen\project</Filter>
    </ClCompile>
    <ClCompile Include="Screens\project\Stacker\ConcentricGroup.cpp">
      <Filter>Screens\DesignScreen\project</Filter>
    </ClCompile>
    <ClCompile Include="Screens\project\Stacker\ConstraintGraph.cpp">
      <Filter>Screens\DesignScreen\project</Filter>
    </ClCompile>
    <ClCompile Include="Screens\project\Stacker\Controller.cpp">
      <Filter>Screens\DesignScreen\project</Filter>
    </ClCompile>
    <ClCompile Include="Screens\project\Stacker\CoplanarGroup.cpp">
      <Filter>Screens\DesignScreen\project</Filter>
    </ClCompile>
    <ClCompile Include="Screens\project\Stacker\Cuboid.cpp">
      <Filter>Screens\DesignScreen\project</Filter>
    </ClCompile>
    <ClCompile Include="Screens\project\Stacker\EditPath.cpp">
      <Filter>Screens\DesignScreen\project</Filter>
    </ClCompile>
    <ClCompile Include="Screens\project\Stacker\GCylinder.cpp">
      <Filter>Screens\DesignScreen\project</Filter>
    </ClCompile>
    <ClCompile Include="Screens\project\Stacker\Group.cpp">
      <Filter>Screens\DesignScreen\project</Filter>
    </ClCompile>
    <ClCompile Include="Screens\project\Stacker\HotSpot.cpp">
      <Filter>Screens\DesignScreen\project</Filter>
    </ClCompile>
    <ClCompile Include="Screens\project\Stacker\JointDetector.cpp">
      <Filter>Screens\DesignScreen\project</Filter>
    </ClCompile>
    <ClCompile Include="Screens\project\Stacker\LineJointGroup.cpp">
      <Filter>Screens\DesignScreen\project</Filter>
    </ClCompile>
    <ClCompile Include="Screens\project\Stacker\Numeric.cpp">
      <Filter>Screens\DesignScreen\project</Filter>
    </ClCompile>
    <ClCompile Include="Screens\project\Stacker\Offset.cpp">
      <Filter>Screens\DesignScreen\project</Filter>
    </ClCompile>
    <ClCompile Include="Screens\project\Stacker\PointJointGroup.cpp">
      <Filter>Screens\DesignScreen\project</Filter>
    </ClCompile>
    <ClCompile Include="Screens\project\Stacker\Primitive.cpp">
      <Filter>Screens\DesignScreen\project</Filter>
    </ClCompile>
    <ClCompile Include="Screens\project\Stacker\Propagator.cpp">
      <Filter>Screens\DesignScreen\project</Filter>
    </ClCompile>
    <ClCompile Include="Screens\project\Stacker\QManualDeformer.cpp">
      <Filter>Screens\DesignScreen\project</Filter>
    </ClCompile>
    <ClCompile Include="Screens\project\Stacker\ShapeState.cpp">
      <Filter>Screens\DesignScreen\project</Filter>
    </ClCompile>
    <ClCompile Include="Screens\project\Stacker\SymmetryGroup.cpp">
      <Filter>Screens\DesignScreen\project</Filter>
    </ClCompile>
    <ClCompile Include="Screens\project\GraphicsLibrary\Basic\Line.cpp">
      <Filter>Screens\DesignScreen\project</Filter>
    </ClCompile>
    <ClCompile Include="Screens\project\MathLibrary\Bounding\BoundingBox.cpp">
      <Filter>Screens\DesignScreen\project</Filter>
    </ClCompile>
    <ClCompile Include="Screens\project\MathLibrary\Bounding\Box3.cpp">
      <Filter>Screens\DesignScreen\project</Filter>
    </ClCompile>
    <ClCompile Include="Screens\project\MathLibrary\Bounding\ConvexHull2.cpp">
      <Filter>Screens\DesignScreen\project</Filter>
    </ClCompile>
    <ClCompile Include="Screens\project\MathLibrary\Bounding\ConvexHull3.cpp">
      <Filter>Screens\DesignScreen\project</Filter>
    </ClCompile>
    <ClCompile Include="Screens\project\MathLibrary\Bounding\MinOBB2.cpp">
      <Filter>Screens\DesignScreen\project</Filter>
    </ClCompile>
    <ClCompile Include="Screens\project\MathLibrary\Bounding\MinOBB3.cpp">
      <Filter>Screens\DesignScreen\project</Filter>
    </ClCompile>
    <ClCompile Include="Screens\project\GraphicsLibrary\Basic\Plane.cpp">
      <Filter>Screens\DesignScreen\project</Filter>
    </ClCompile>
    <ClCompile Include="GeneratedFiles\Debug\moc_GCylinder.cpp">
      <Filter>MainWindow\Generated Files\Debug</Filter>
    </ClCompile>
    <ClCompile Include="GeneratedFiles\Release\moc_GCylinder.cpp">
      <Filter>MainWindow\Generated Files\Release</Filter>
    </ClCompile>
    <ClCompile Include="Screens\project\GraphicsLibrary\Skeleton\ClosedPolygon.cpp">
      <Filter>Screens\DesignScreen\project</Filter>
    </ClCompile>
    <ClCompile Include="Screens\project\GraphicsLibrary\Skeleton\GeneralizedCylinder.cpp">
      <Filter>Screens\DesignScreen\project</Filter>
    </ClCompile>
    <ClCompile Include="Screens\project\GraphicsLibrary\Skeleton\PriorityQueue.cpp">
      <Filter>Screens\DesignScreen\project</Filter>
    </ClCompile>
    <ClCompile Include="Screens\project\GraphicsLibrary\Skeleton\Skeleton.cpp">
      <Filter>Screens\DesignScreen\project</Filter>
    </ClCompile>
    <ClCompile Include="Screens\project\GraphicsLibrary\Skeleton\SkeletonExtract.cpp">
      <Filter>Screens\DesignScreen\project</Filter>
    </ClCompile>
    <ClCompile Include="Screens\project\GraphicsLibrary\SpacePartition\kdtree.cpp">
      <Filter>Screens\DesignScreen\project</Filter>
    </ClCompile>
    <ClCompile Include="Screens\project\GraphicsLibrary\SpacePartition\Octree.cpp">
      <Filter>Screens\DesignScreen\project</Filter>
    </ClCompile>
    <ClCompile Include="Screens\solver\umfpack_solver\umfpack_all.cpp">
      <Filter>Screens\DesignScreen\utility</Filter>
    </ClCompile>
    <ClCompile Include="Screens\project\MathLibrary\Deformer\FFD.cpp">
      <Filter>Screens\DesignScreen\project</Filter>
    </ClCompile>
    <ClCompile Include="Screens\project\MathLibrary\Deformer\QFFD.cpp">
      <Filter>Screens\DesignScreen\project</Filter>
    </ClCompile>
    <ClCompile Include="Screens\project\MathLibrary\Deformer\Skinning.cpp">
      <Filter>Screens\DesignScreen\project</Filter>
    </ClCompile>
    <ClCompile Include="Screens\project\MathLibrary\Deformer\VoxelDeformer.cpp">
      <Filter>Screens\DesignScreen\project</Filter>
    </ClCompile>
    <ClCompile Include="GeneratedFiles\Debug\moc_QFFD.cpp">
      <Filter>MainWindow\Generated Files\Debug</Filter>
    </ClCompile>
    <ClCompile Include="GeneratedFiles\Release\moc_QFFD.cpp">
      <Filter>MainWindow\Generated Files\Release</Filter>
    </ClCompile>
    <ClCompile Include="GeneratedFiles\Debug\moc_QControlPoint.cpp">
      <Filter>MainWindow\Generated Files\Debug</Filter>
    </ClCompile>
    <ClCompile Include="GeneratedFiles\Release\moc_QControlPoint.cpp">
      <Filter>MainWindow\Generated Files\Release</Filter>
    </ClCompile>
    <ClCompile Include="Screens\project\GraphicsLibrary\Voxel\Voxeler.cpp">
      <Filter>Screens\DesignScreen\project</Filter>
    </ClCompile>
    <ClCompile Include="GeneratedFiles\Debug\moc_VoxelDeformer.cpp">
      <Filter>MainWindow\Generated Files\Debug</Filter>
    </ClCompile>
    <ClCompile Include="GeneratedFiles\Release\moc_VoxelDeformer.cpp">
      <Filter>MainWindow\Generated Files\Release</Filter>
    </ClCompile>
    <ClCompile Include="Screens\project\MathLibrary\Coordiantes\GCDeformation.cpp">
      <Filter>Screens\DesignScreen\project</Filter>
    </ClCompile>
    <ClCompile Include="Screens\project\Stacker\HiddenViewer.cpp">
      <Filter>Screens\DesignScreen\project</Filter>
    </ClCompile>
    <ClCompile Include="GeneratedFiles\Debug\moc_HiddenViewer.cpp">
      <Filter>MainWindow\Generated Files\Debug</Filter>
    </ClCompile>
    <ClCompile Include="GeneratedFiles\Release\moc_HiddenViewer.cpp">
      <Filter>MainWindow\Generated Files\Release</Filter>
    </ClCompile>
    <ClCompile Include="GeneratedFiles\Debug\moc_QManualDeformer.cpp">
      <Filter>MainWindow\Generated Files\Debug</Filter>
    </ClCompile>
    <ClCompile Include="GeneratedFiles\Release\moc_QManualDeformer.cpp">
      <Filter>MainWindow\Generated Files\Release</Filter>
    </ClCompile>
    <ClCompile Include="Screens\project\GUI\MeshBrowser\QuickMeshViewer.cpp">
      <Filter>Screens\DesignScreen\project</Filter>
    </ClCompile>
    <ClCompile Include="GeneratedFiles\Debug\moc_QuickMeshViewer.cpp">
      <Filter>MainWindow\Generated Files\Debug</Filter>
    </ClCompile>
    <ClCompile Include="GeneratedFiles\Release\moc_QuickMeshViewer.cpp">
      <Filter>MainWindow\Generated Files\Release</Filter>
    </ClCompile>
    <ClCompile Include="GeneratedFiles\Debug\moc_QuickMesh.cpp">
      <Filter>MainWindow\Generated Files\Debug</Filter>
    </ClCompile>
    <ClCompile Include="GeneratedFiles\Release\moc_QuickMesh.cpp">
      <Filter>MainWindow\Generated Files\Release</Filter>
    </ClCompile>
    <ClCompile Include="Screens\project\GraphicsLibrary\Basic\Triangle.cpp">
      <Filter>Screens\DesignScreen\project</Filter>
    </ClCompile>
    <ClCompile Include="GeneratedFiles\Debug\moc_Offset.cpp">
      <Filter>MainWindow\Generated Files\Debug</Filter>
    </ClCompile>
    <ClCompile Include="GeneratedFiles\Release\moc_Offset.cpp">
      <Filter>MainWindow\Generated Files\Release</Filter>
    </ClCompile>
    <ClCompile Include="GeneratedFiles\Debug\moc_Client.cpp">
      <Filter>MainWindow\Generated Files\Debug</Filter>
    </ClCompile>
    <ClCompile Include="GeneratedFiles\Release\moc_Client.cpp">
      <Filter>MainWindow\Generated Files\Release</Filter>
    </ClCompile>
    <ClCompile Include="Screens\Client.cpp">
      <Filter>Screens\FinishScreen</Filter>
    </ClCompile>
    <ClCompile Include="GeneratedFiles\Debug\moc_VideoToolbar.cpp">
      <Filter>MainWindow\Generated Files\Debug</Filter>
    </ClCompile>
    <ClCompile Include="GeneratedFiles\Release\moc_VideoToolbar.cpp">
      <Filter>MainWindow\Generated Files\Release</Filter>
    </ClCompile>
    <ClCompile Include="GeneratedFiles\Debug\moc_VideoWidget.cpp">
      <Filter>MainWindow\Generated Files\Debug</Filter>
    </ClCompile>
    <ClCompile Include="GeneratedFiles\Release\moc_VideoWidget.cpp">
      <Filter>MainWindow\Generated Files\Release</Filter>
    </ClCompile>
  </ItemGroup>
  <ItemGroup>
    <CustomBuild Include="userstudyMainWindow.ui">
      <Filter>MainWindow\Form Files</Filter>
    </CustomBuild>
    <CustomBuild Include="Resources\userstudyResource.qrc">
      <Filter>MainWindow\Resource Files</Filter>
    </CustomBuild>
    <CustomBuild Include="userstudy.h">
      <Filter>MainWindow</Filter>
    </CustomBuild>
    <CustomBuild Include="Screens\EvaluateWidget.ui">
      <Filter>Screens\EvaluateScreen</Filter>
    </CustomBuild>
    <CustomBuild Include="Screens\DesignWidget.ui">
      <Filter>Screens\DesignScreen</Filter>
    </CustomBuild>
    <CustomBuild Include="Screens\MyDesigner.h">
      <Filter>Screens\DesignScreen</Filter>
    </CustomBuild>
    <CustomBuild Include="Screens\project\GraphicsLibrary\Mesh\QSegMesh.h">
      <Filter>Screens\DesignScreen\project</Filter>
    </CustomBuild>
    <CustomBuild Include="Screens\project\GraphicsLibrary\Mesh\QSurfaceMesh.h">
      <Filter>Screens\DesignScreen\project</Filter>
    </CustomBuild>
    <CustomBuild Include="Screens\project\Stacker\GCylinder.h">
      <Filter>Screens\DesignScreen\project</Filter>
    </CustomBuild>
    <CustomBuild Include="Screens\project\MathLibrary\Deformer\QFFD.h">
      <Filter>Screens\DesignScreen\project</Filter>
    </CustomBuild>
    <CustomBuild Include="Screens\project\MathLibrary\Deformer\QControlPoint.h">
      <Filter>Screens\DesignScreen\project</Filter>
    </CustomBuild>
    <CustomBuild Include="Screens\project\MathLibrary\Deformer\VoxelDeformer.h">
      <Filter>Screens\DesignScreen\project</Filter>
    </CustomBuild>
    <CustomBuild Include="Screens\project\Stacker\HiddenViewer.h">
      <Filter>Screens\DesignScreen\project</Filter>
    </CustomBuild>
    <CustomBuild Include="Screens\project\Stacker\QManualDeformer.h">
      <Filter>Screens\DesignScreen\project</Filter>
    </CustomBuild>
    <CustomBuild Include="Screens\project\GUI\MeshBrowser\QuickMeshViewer.h">
      <Filter>Screens\DesignScreen\project</Filter>
    </CustomBuild>
    <CustomBuild Include="Screens\project\GUI\MeshBrowser\QuickMesh.h">
      <Filter>Screens\DesignScreen\project</Filter>
    </CustomBuild>
    <CustomBuild Include="Screens\project\Stacker\Offset.h">
      <Filter>Screens\DesignScreen\project</Filter>
    </CustomBuild>
    <CustomBuild Include="Screens\Client.h">
      <Filter>Screens\FinishScreen</Filter>
    </CustomBuild>
    <CustomBuild Include="Screens\videoplayer\gui_player\VideoToolbar.h">
      <Filter>Screens\TutorialScreen</Filter>
    </CustomBuild>
    <CustomBuild Include="Screens\videoplayer\gui_player\VideoWidget.h">
      <Filter>Screens\TutorialScreen</Filter>
    </CustomBuild>
  </ItemGroup>
  <ItemGroup>
    <ClInclude Include="GeneratedFiles\ui_userstudyMainWindow.h">
      <Filter>MainWindow\Generated Files</Filter>
    </ClInclude>
    <ClInclude Include="resource.h">
      <Filter>MainWindow</Filter>
    </ClInclude>
    <ClInclude Include="GeneratedFiles\ui_EvaluateWidget.h">
      <Filter>MainWindow\Generated Files</Filter>
    </ClInclude>
    <ClInclude Include="GeneratedFiles\ui_DesignWidget.h">
      <Filter>MainWindow\Generated Files</Filter>
    </ClInclude>
    <ClInclude Include="Screens\sphereDraw.h">
      <Filter>Screens\DesignScreen\utility</Filter>
    </ClInclude>
    <ClInclude Include="Screens\drawRoundRect.h">
      <Filter>Screens\DesignScreen\utility</Filter>
    </ClInclude>
    <ClInclude Include="Screens\project\MathLibrary\Deformer\FFD.h">
      <Filter>Screens\DesignScreen\project</Filter>
    </ClInclude>
    <ClInclude Include="Screens\drawPlane.h">
      <Filter>Screens\DesignScreen\utility</Filter>
    </ClInclude>
    <ClInclude Include="Screens\project\GraphicsLibrary\Basic\Triangle.h">
      <Filter>Screens\DesignScreen\project</Filter>
    </ClInclude>
    <ClInclude Include="Screens\drawCube.h">
      <Filter>Screens\DesignScreen\utility</Filter>
    </ClInclude>
  </ItemGroup>
  <ItemGroup>
    <ResourceCompile Include="Resources\UserStudyApp.rc">
      <Filter>MainWindow\Resource Files</Filter>
    </ResourceCompile>
  </ItemGroup>
</Project>